
Microsoft Visual Studio Solution File, Format Version 12.00
# Visual Studio Version 17
VisualStudioVersion = 17.8.34330.188
MinimumVisualStudioVersion = 10.0.40219.1
Project("{9A19103F-16F7-4668-BE54-9A1E7A4F7556}") = "EPPlusOldTests", "EPPlusOldTests\EPPlusOldTests.csproj", "{62EBF001-06B3-4E2D-91D1-F15C341A142A}"
EndProject
Project("{9A19103F-16F7-4668-BE54-9A1E7A4F7556}") = "EPPlusNewTests", "EPPlusNewTests\EPPlusNewTests.csproj", "{78B87D56-11B9-453C-A20D-4802FAB48950}"
EndProject
Project("{2150E333-8FDC-42A3-9474-1A3956D46DE8}") = "Solution Items", "Solution Items", "{7CA0D37E-98C0-46ED-8D42-E4E8BD7808FB}"
	ProjectSection(SolutionItems) = preProject
		README.md = README.md
	EndProjectSection
EndProject
Project("{9A19103F-16F7-4668-BE54-9A1E7A4F7556}") = "EPPlusShared", "EPPlusShared\EPPlusShared.csproj", "{A29DBB24-2FFC-483C-8109-DE929933A3C2}"
EndProject
Global
	GlobalSection(SolutionConfigurationPlatforms) = preSolution
		Debug|Any CPU = Debug|Any CPU
		Release|Any CPU = Release|Any CPU
	EndGlobalSection
	GlobalSection(ProjectConfigurationPlatforms) = postSolution
		{62EBF001-06B3-4E2D-91D1-F15C341A142A}.Debug|Any CPU.ActiveCfg = Debug|Any CPU
		{62EBF001-06B3-4E2D-91D1-F15C341A142A}.Debug|Any CPU.Build.0 = Debug|Any CPU
		{62EBF001-06B3-4E2D-91D1-F15C341A142A}.Release|Any CPU.ActiveCfg = Release|Any CPU
		{62EBF001-06B3-4E2D-91D1-F15C341A142A}.Release|Any CPU.Build.0 = Release|Any CPU
		{78B87D56-11B9-453C-A20D-4802FAB48950}.Debug|Any CPU.ActiveCfg = Debug|Any CPU
		{78B87D56-11B9-453C-A20D-4802FAB48950}.Debug|Any CPU.Build.0 = Debug|Any CPU
		{78B87D56-11B9-453C-A20D-4802FAB48950}.Release|Any CPU.ActiveCfg = Release|Any CPU
		{78B87D56-11B9-453C-A20D-4802FAB48950}.Release|Any CPU.Build.0 = Release|Any CPU
		{A29DBB24-2FFC-483C-8109-DE929933A3C2}.Debug|Any CPU.ActiveCfg = Debug|Any CPU
		{A29DBB24-2FFC-483C-8109-DE929933A3C2}.Debug|Any CPU.Build.0 = Debug|Any CPU
		{A29DBB24-2FFC-483C-8109-DE929933A3C2}.Release|Any CPU.ActiveCfg = Release|Any CPU
		{A29DBB24-2FFC-483C-8109-DE929933A3C2}.Release|Any CPU.Build.0 = Release|Any CPU
	EndGlobalSection
	GlobalSection(SolutionProperties) = preSolution
		HideSolutionNode = FALSE
	EndGlobalSection
	GlobalSection(ExtensibilityGlobals) = postSolution
		SolutionGuid = {9DFCE1CC-9F92-4CEF-9F4E-6FD0CC9E1593}
	EndGlobalSection
EndGlobal
